// !$*UTF8*$!
{
	archiveVersion = 1;
	classes = {
	};
	objectVersion = 77;
	objects = {

/* Begin PBXContainerItemProxy section */
		0F1E76582EEBF15000F2753C /* PBXContainerItemProxy */ = {
			isa = PBXContainerItemProxy;
			containerPortal = 0F1E763F2EEBF14E00F2753C /* Project object */;
			proxyType = 1;
			remoteGlobalIDString = 0F1E76462EEBF14E00F2753C;
			remoteInfo = Assingmet121225;
		};
		0F1E76622EEBF15000F2753C /* PBXContainerItemProxy */ = {
			isa = PBXContainerItemProxy;
			containerPortal = 0F1E763F2EEBF14E00F2753C /* Project object */;
			proxyType = 1;
			remoteGlobalIDString = 0F1E76462EEBF14E00F2753C;
			remoteInfo = Assingmet121225;
		};
/* End PBXContainerItemProxy section */

/* Begin PBXFileReference section */
		0F1E76472EEBF14E00F2753C /* Assingmet121225.app */ = {isa = PBXFileReference; explicitFileType = wrapper.application; includeInIndex = 0; path = Assingmet121225.app; sourceTree = BUILT_PRODUCTS_DIR; };
		0F1E76572EEBF15000F2753C /* Assingmet121225Tests.xctest */ = {isa = PBXFileReference; explicitFileType = wrapper.cfbundle; includeInIndex = 0; path = Assingmet121225Tests.xctest; sourceTree = BUILT_PRODUCTS_DIR; };
		0F1E76612EEBF15000F2753C /* Assingmet121225UITests.xctest */ = {isa = PBXFileReference; explicitFileType = wrapper.cfbundle; includeInIndex = 0; path = Assingmet121225UITests.xctest; sourceTree = BUILT_PRODUCTS_DIR; };
/* End PBXFileReference section */

/* Begin PBXFileSystemSynchronizedRootGroup section */
		0F1E76492EEBF14E00F2753C /* Assingmet121225 */ = {
			isa = PBXFileSystemSynchronizedRootGroup;
			path = Assingmet121225;
			sourceTree = "<group>";
		};
		0F1E765A2EEBF15000F2753C /* Assingmet121225Tests */ = {
			isa = PBXFileSystemSynchronizedRootGroup;
			path = Assingmet121225Tests;
			sourceTree = "<group>";
		};
		0F1E76642EEBF15000F2753C /* Assingmet121225UITests */ = {
			isa = PBXFileSystemSynchronizedRootGroup;
			path = Assingmet121225UITests;
			sourceTree = "<group>";
		};
/* End PBXFileSystemSynchronizedRootGroup section */

/* Begin PBXFrameworksBuildPhase section */
		0F1E76442EEBF14E00F2753C /* Frameworks */ = {
			isa = PBXFrameworksBuildPhase;
			buildActionMask = 2147483647;
			files = (
			);
			runOnlyForDeploymentPostprocessing = 0;
		};
		0F1E76542EEBF15000F2753C /* Frameworks */ = {
			isa = PBXFrameworksBuildPhase;
			buildActionMask = 2147483647;
			files = (
			);
			runOnlyForDeploymentPostprocessing = 0;
		};
		0F1E765E2EEBF15000F2753C /* Frameworks */ = {
			isa = PBXFrameworksBuildPhase;
			buildActionMask = 2147483647;
			files = (
			);
			runOnlyForDeploymentPostprocessing = 0;
		};
/* End PBXFrameworksBuildPhase section */

/* Begin PBXGroup section */
		0F1E763E2EEBF14E00F2753C = {
			isa = PBXGroup;
			children = (
				0F1E76492EEBF14E00F2753C /* Assingmet121225 */,
				0F1E765A2EEBF15000F2753C /* Assingmet121225Tests */,
				0F1E76642EEBF15000F2753C /* Assingmet121225UITests */,
				0F1E76482EEBF14E00F2753C /* Products */,
			);
			sourceTree = "<group>";
		};
		0F1E76482EEBF14E00F2753C /* Products */ = {
			isa = PBXGroup;
			children = (
				0F1E76472EEBF14E00F2753C /* Assingmet121225.app */,
				0F1E76572EEBF15000F2753C /* Assingmet121225Tests.xctest */,
				0F1E76612EEBF15000F2753C /* Assingmet121225UITests.xctest */,
			);
			name = Products;
			sourceTree = "<group>";
		};
/* End PBXGroup section */

/* Begin PBXNativeTarget section */
		0F1E76462EEBF14E00F2753C /* Assingmet121225 */ = {
			isa = PBXNativeTarget;
			buildConfigurationList = 0F1E766B2EEBF15000F2753C /* Build configuration list for PBXNativeTarget "Assingmet121225" */;
			buildPhases = (
				0F1E76432EEBF14E00F2753C /* Sources */,
				0F1E76442EEBF14E00F2753C /* Frameworks */,
				0F1E76452EEBF14E00F2753C /* Resources */,
			);
			buildRules = (
			);
			dependencies = (
			);
			fileSystemSynchronizedGroups = (
				0F1E76492EEBF14E00F2753C /* Assingmet121225 */,
			);
			name = Assingmet121225;
			packageProductDependencies = (
			);
			productName = Assingmet121225;
			productReference = 0F1E76472EEBF14E00F2753C /* Assingmet121225.app */;
			productType = "com.apple.product-type.application";
		};
		0F1E76562EEBF15000F2753C /* Assingmet121225Tests */ = {
			isa = PBXNativeTarget;
			buildConfigurationList = 0F1E766E2EEBF15000F2753C /* Build configuration list for PBXNativeTarget "Assingmet121225Tests" */;
			buildPhases = (
				0F1E76532EEBF15000F2753C /* Sources */,
				0F1E76542EEBF15000F2753C /* Frameworks */,
				0F1E76552EEBF15000F2753C /* Resources */,
			);
			buildRules = (
			);
			dependencies = (
				0F1E76592EEBF15000F2753C /* PBXTargetDependency */,
			);
			fileSystemSynchronizedGroups = (
				0F1E765A2EEBF15000F2753C /* Assingmet121225Tests */,
			);
			name = Assingmet121225Tests;
			packageProductDependencies = (
			);
			productName = Assingmet121225Tests;
			productReference = 0F1E76572EEBF15000F2753C /* Assingmet121225Tests.xctest */;
			productType = "com.apple.product-type.bundle.unit-test";
		};
		0F1E76602EEBF15000F2753C /* Assingmet121225UITests */ = {
			isa = PBXNativeTarget;
			buildConfigurationList = 0F1E76712EEBF15000F2753C /* Build configuration list for PBXNativeTarget "Assingmet121225UITests" */;
			buildPhases = (
				0F1E765D2EEBF15000F2753C /* Sources */,
				0F1E765E2EEBF15000F2753C /* Frameworks */,
				0F1E765F2EEBF15000F2753C /* Resources */,
			);
			buildRules = (
			);
			dependencies = (
				0F1E76632EEBF15000F2753C /* PBXTargetDependency */,
			);
			fileSystemSynchronizedGroups = (
				0F1E76642EEBF15000F2753C /* Assingmet121225UITests */,
			);
			name = Assingmet121225UITests;
			packageProductDependencies = (
			);
			productName = Assingmet121225UITests;
			productReference = 0F1E76612EEBF15000F2753C /* Assingmet121225UITests.xctest */;
			productType = "com.apple.product-type.bundle.ui-testing";
		};
/* End PBXNativeTarget section */

/* Begin PBXProject section */
		0F1E763F2EEBF14E00F2753C /* Project object */ = {
			isa = PBXProject;
			attributes = {
				BuildIndependentTargetsInParallel = 1;
				LastSwiftUpdateCheck = 1620;
				LastUpgradeCheck = 1620;
				TargetAttributes = {
					0F1E76462EEBF14E00F2753C = {
						CreatedOnToolsVersion = 16.2;
					};
					0F1E76562EEBF15000F2753C = {
						CreatedOnToolsVersion = 16.2;
						TestTargetID = 0F1E76462EEBF14E00F2753C;
					};
					0F1E76602EEBF15000F2753C = {
						CreatedOnToolsVersion = 16.2;
						TestTargetID = 0F1E76462EEBF14E00F2753C;
					};
				};
			};
			buildConfigurationList = 0F1E76422EEBF14E00F2753C /* Build configuration list for PBXProject "Assingmet121225" */;
			developmentRegion = en;
			hasScannedForEncodings = 0;
			knownRegions = (
				en,
				Base,
			);
			mainGroup = 0F1E763E2EEBF14E00F2753C;
			minimizedProjectReferenceProxies = 1;
			preferredProjectObjectVersion = 77;
			productRefGroup = 0F1E76482EEBF14E00F2753C /* Products */;
			projectDirPath = "";
			projectRoot = "";
			targets = (
				0F1E76462EEBF14E00F2753C /* Assingmet121225 */,
				0F1E76562EEBF15000F2753C /* Assingmet121225Tests */,
				0F1E76602EEBF15000F2753C /* Assingmet121225UITests */,
			);
		};
/* End PBXProject section */

/* Begin PBXResourcesBuildPhase section */
		0F1E76452EEBF14E00F2753C /* Resources */ = {
			isa = PBXResourcesBuildPhase;
			buildActionMask = 2147483647;
			files = (
			);
			runOnlyForDeploymentPostprocessing = 0;
		};
		0F1E76552EEBF15000F2753C /* Resources */ = {
			isa = PBXResourcesBuildPhase;
			buildActionMask = 2147483647;
			files = (
			);
			runOnlyForDeploymentPostprocessing = 0;
		};
		0F1E765F2EEBF15000F2753C /* Resources */ = {
			isa = PBXResourcesBuildPhase;
			buildActionMask = 2147483647;
			files = (
			);
			runOnlyForDeploymentPostprocessing = 0;
		};
/* End PBXResourcesBuildPhase section */

/* Begin PBXSourcesBuildPhase section */
		0F1E76432EEBF14E00F2753C /* Sources */ = {
			isa = PBXSourcesBuildPhase;
			buildActionMask = 2147483647;
			files = (
			);
			runOnlyForDeploymentPostprocessing = 0;
		};
		0F1E76532EEBF15000F2753C /* Sources */ = {
			isa = PBXSourcesBuildPhase;
			buildActionMask = 2147483647;
			files = (
			);
			runOnlyForDeploymentPostprocessing = 0;
		};
		0F1E765D2EEBF15000F2753C /* Sources */ = {
			isa = PBXSourcesBuildPhase;
			buildActionMask = 2147483647;
			files = (
			);
			runOnlyForDeploymentPostprocessing = 0;
		};
/* End PBXSourcesBuildPhase section */

/* Begin PBXTargetDependency section */
		0F1E76592EEBF15000F2753C /* PBXTargetDependency */ = {
			isa = PBXTargetDependency;
			target = 0F1E76462EEBF14E00F2753C /* Assingmet121225 */;
			targetProxy = 0F1E76582EEBF15000F2753C /* PBXContainerItemProxy */;
		};
		0F1E76632EEBF15000F2753C /* PBXTargetDependency */ = {
			isa = PBXTargetDependency;
			target = 0F1E76462EEBF14E00F2753C /* Assingmet121225 */;
			targetProxy = 0F1E76622EEBF15000F2753C /* PBXContainerItemProxy */;
		};
/* End PBXTargetDependency section */

/* Begin XCBuildConfiguration section */
		0F1E76692EEBF15000F2753C /* Debug */ = {
			isa = XCBuildConfiguration;
			buildSettings = {
				ALWAYS_SEARCH_USER_PATHS = NO;
				ASSETCATALOG_COMPILER_GENERATE_SWIFT_ASSET_SYMBOL_EXTENSIONS = YES;
				CLANG_ANALYZER_NONNULL = YES;
				CLANG_ANALYZER_NUMBER_OBJECT_CONVERSION = YES_AGGRESSIVE;
				CLANG_CXX_LANGUAGE_STANDARD = "gnu++20";
				CLANG_ENABLE_MODULES = YES;
				CLANG_ENABLE_OBJC_ARC = YES;
				CLANG_ENABLE_OBJC_WEAK = YES;
				CLANG_WARN_BLOCK_CAPTURE_AUTORELEASING = YES;
				CLANG_WARN_BOOL_CONVERSION = YES;
				CLANG_WARN_COMMA = YES;
				CLANG_WARN_CONSTANT_CONVERSION = YES;
				CLANG_WARN_DEPRECATED_OBJC_IMPLEMENTATIONS = YES;
				CLANG_WARN_DIRECT_OBJC_ISA_USAGE = YES_ERROR;
				CLANG_WARN_DOCUMENTATION_COMMENTS = YES;
				CLANG_WARN_EMPTY_BODY = YES;
				CLANG_WARN_ENUM_CONVERSION = YES;
				CLANG_WARN_INFINITE_RECURSION = YES;
				CLANG_WARN_INT_CONVERSION = YES;
				CLANG_WARN_NON_LITERAL_NULL_CONVERSION = YES;
				CLANG_WARN_OBJC_IMPLICIT_RETAIN_SELF = YES;
				CLANG_WARN_OBJC_LITERAL_CONVERSION = YES;
				CLANG_WARN_OBJC_ROOT_CLASS = YES_ERROR;
				CLANG_WARN_QUOTED_INCLUDE_IN_FRAMEWORK_HEADER = YES;
				CLANG_WARN_RANGE_LOOP_ANALYSIS = YES;
				CLANG_WARN_STRICT_PROTOTYPES = YES;
				CLANG_WARN_SUSPICIOUS_MOVE = YES;
				CLANG_WARN_UNGUARDED_AVAILABILITY = YES_AGGRESSIVE;
				CLANG_WARN_UNREACHABLE_CODE = YES;
				CLANG_WARN__DUPLICATE_METHOD_MATCH = YES;
				COPY_PHASE_STRIP = NO;
				DEBUG_INFORMATION_FORMAT = dwarf;
				ENABLE_STRICT_OBJC_MSGSEND = YES;
				ENABLE_TESTABILITY = YES;
				ENABLE_USER_SCRIPT_SANDBOXING = YES;
				GCC_C_LANGUAGE_STANDARD = gnu17;
				GCC_DYNAMIC_NO_PIC = NO;
				GCC_NO_COMMON_BLOCKS = YES;
				GCC_OPTIMIZATION_LEVEL = 0;
				GCC_PREPROCESSOR_DEFINITIONS = (
					"DEBUG=1",
					"$(inherited)",
				);
				GCC_WARN_64_TO_32_BIT_CONVERSION = YES;
				GCC_WARN_ABOUT_RETURN_TYPE = YES_ERROR;
				GCC_WARN_UNDECLARED_SELECTOR = YES;
				GCC_WARN_UNINITIALIZED_AUTOS = YES_AGGRESSIVE;
				GCC_WARN_UNUSED_FUNCTION = YES;
				GCC_WARN_UNUSED_VARIABLE = YES;
				IPHONEOS_DEPLOYMENT_TARGET = 18.2;
				LOCALIZATION_PREFERS_STRING_CATALOGS = YES;
				MTL_ENABLE_DEBUG_INFO = INCLUDE_SOURCE;
				MTL_FAST_MATH = YES;
				ONLY_ACTIVE_ARCH = YES;
				SDKROOT = iphoneos;
				SWIFT_ACTIVE_COMPILATION_CONDITIONS = "DEBUG $(inherited)";
				SWIFT_OPTIMIZATION_LEVEL = "-Onone";
			};
			name = Debug;
		};
		0F1E766A2EEBF15000F2753C /* Release */ = {
			isa = XCBuildConfiguration;
			buildSettings = {
				ALWAYS_SEARCH_USER_PATHS = NO;
				ASSETCATALOG_COMPILER_GENERATE_SWIFT_ASSET_SYMBOL_EXTENSIONS = YES;
				CLANG_ANALYZER_NONNULL = YES;
				CLANG_ANALYZER_NUMBER_OBJECT_CONVERSION = YES_AGGRESSIVE;
				CLANG_CXX_LANGUAGE_STANDARD = "gnu++20";
				CLANG_ENABLE_MODULES = YES;
				CLANG_ENABLE_OBJC_ARC = YES;
				CLANG_ENABLE_OBJC_WEAK = YES;
				CLANG_WARN_BLOCK_CAPTURE_AUTORELEASING = YES;
				CLANG_WARN_BOOL_CONVERSION = YES;
				CLANG_WARN_COMMA = YES;
				CLANG_WARN_CONSTANT_CONVERSION = YES;
				CLANG_WARN_DEPRECATED_OBJC_IMPLEMENTATIONS = YES;
				CLANG_WARN_DIRECT_OBJC_ISA_USAGE = YES_ERROR;
				CLANG_WARN_DOCUMENTATION_COMMENTS = YES;
				CLANG_WARN_EMPTY_BODY = YES;
				CLANG_WARN_ENUM_CONVERSION = YES;
				CLANG_WARN_INFINITE_RECURSION = YES;
				CLANG_WARN_INT_CONVERSION = YES;
				CLANG_WARN_NON_LITERAL_NULL_CONVERSION = YES;
				CLANG_WARN_OBJC_IMPLICIT_RETAIN_SELF = YES;
				CLANG_WARN_OBJC_LITERAL_CONVERSION = YES;
				CLANG_WARN_OBJC_ROOT_CLASS = YES_ERROR;
				CLANG_WARN_QUOTED_INCLUDE_IN_FRAMEWORK_HEADER = YES;
				CLANG_WARN_RANGE_LOOP_ANALYSIS = YES;
				CLANG_WARN_STRICT_PROTOTYPES = YES;
				CLANG_WARN_SUSPICIOUS_MOVE = YES;
				CLANG_WARN_UNGUARDED_AVAILABILITY = YES_AGGRESSIVE;
				CLANG_WARN_UNREACHABLE_CODE = YES;
				CLANG_WARN__DUPLICATE_METHOD_MATCH = YES;
				COPY_PHASE_STRIP = NO;
				DEBUG_INFORMATION_FORMAT = "dwarf-with-dsym";
				ENABLE_NS_ASSERTIONS = NO;
				ENABLE_STRICT_OBJC_MSGSEND = YES;
				ENABLE_USER_SCRIPT_SANDBOXING = YES;
				GCC_C_LANGUAGE_STANDARD = gnu17;
				GCC_NO_COMMON_BLOCKS = YES;
				GCC_WARN_64_TO_32_BIT_CONVERSION = YES;
				GCC_WARN_ABOUT_RETURN_TYPE = YES_ERROR;
				GCC_WARN_UNDECLARED_SELECTOR = YES;
				GCC_WARN_UNINITIALIZED_AUTOS = YES_AGGRESSIVE;
				GCC_WARN_UNUSED_FUNCTION = YES;
				GCC_WARN_UNUSED_VARIABLE = YES;
				IPHONEOS_DEPLOYMENT_TARGET = 18.2;
				LOCALIZATION_PREFERS_STRING_CATALOGS = YES;
				MTL_ENABLE_DEBUG_INFO = NO;
				MTL_FAST_MATH = YES;
				SDKROOT = iphoneos;
				SWIFT_COMPILATION_MODE = wholemodule;
				VALIDATE_PRODUCT = YES;
			};
			name = Release;
		};
		0F1E766C2EEBF15000F2753C /* Debug */ = {
			isa = XCBuildConfiguration;
			buildSettings = {
				ASSETCATALOG_COMPILER_APPICON_NAME = AppIcon;
				ASSETCATALOG_COMPILER_GLOBAL_ACCENT_COLOR_NAME = AccentColor;
				CODE_SIGN_STYLE = Automatic;
				CURRENT_PROJECT_VERSION = 1;
				DEVELOPMENT_ASSET_PATHS = "\"Assingmet121225/Preview Content\"";
				ENABLE_PREVIEWS = YES;
				GENERATE_INFOPLIST_FILE = YES;
				INFOPLIST_KEY_UIApplicationSceneManifest_Generation = YES;
				INFOPLIST_KEY_UIApplicationSupportsIndirectInputEvents = YES;
				INFOPLIST_KEY_UILaunchScreen_Generation = YES;
				INFOPLIST_KEY_UISupportedInterfaceOrientations_iPad = "UIInterfaceOrientationPortrait UIInterfaceOrientationPortraitUpsideDown UIInterfaceOrientationLandscapeLeft UIInterfaceOrientationLandscapeRight";
				INFOPLIST_KEY_UISupportedInterfaceOrientations_iPhone = "UIInterfaceOrientationPortrait UIInterfaceOrientationLandscapeLeft UIInterfaceOrientationLandscapeRight";
				LD_RUNPATH_SEARCH_PATHS = (
					"$(inherited)",
					"@executable_path/Frameworks",
				);
				MARKETING_VERSION = 1.0;
				PRODUCT_BUNDLE_IDENTIFIER = AADI.Assingmet121225;
				PRODUCT_NAME = "$(TARGET_NAME)";
				SWIFT_EMIT_LOC_STRINGS = YES;
				SWIFT_VERSION = 5.0;
				TARGETED_DEVICE_FAMILY = "1,2";
			};
			name = Debug;
		};
		0F1E766D2EEBF15000F2753C /* Release */ = {
			isa = XCBuildConfiguration;
			buildSettings = {
				ASSETCATALOG_COMPILER_APPICON_NAME = AppIcon;
				ASSETCATALOG_COMPILER_GLOBAL_ACCENT_COLOR_NAME = AccentColor;
				CODE_SIGN_STYLE = Automatic;
				CURRENT_PROJECT_VERSION = 1;
				DEVELOPMENT_ASSET_PATHS = "\"Assingmet121225/Preview Content\"";
				ENABLE_PREVIEWS = YES;
				GENERATE_INFOPLIST_FILE = YES;
				INFOPLIST_KEY_UIApplicationSceneManifest_Generation = YES;
				INFOPLIST_KEY_UIApplicationSupportsIndirectInputEvents = YES;
				INFOPLIST_KEY_UILaunchScreen_Generation = YES;
				INFOPLIST_KEY_UISupportedInterfaceOrientations_iPad = "UIInterfaceOrientationPortrait UIInterfaceOrientationPortraitUpsideDown UIInterfaceOrientationLandscapeLeft UIInterfaceOrientationLandscapeRight";
				INFOPLIST_KEY_UISupportedInterfaceOrientations_iPhone = "UIInterfaceOrientationPortrait UIInterfaceOrientationLandscapeLeft UIInterfaceOrientationLandscapeRight";
				LD_RUNPATH_SEARCH_PATHS = (
					"$(inherited)",
					"@executable_path/Frameworks",
				);
				MARKETING_VERSION = 1.0;
				PRODUCT_BUNDLE_IDENTIFIER = AADI.Assingmet121225;
				PRODUCT_NAME = "$(TARGET_NAME)";
				SWIFT_EMIT_LOC_STRINGS = YES;
				SWIFT_VERSION = 5.0;
				TARGETED_DEVICE_FAMILY = "1,2";
			};
			name = Release;
		};
		0F1E766F2EEBF15000F2753C /* Debug */ = {
			isa = XCBuildConfiguration;
			buildSettings = {
				BUNDLE_LOADER = "$(TEST_HOST)";
				CODE_SIGN_STYLE = Automatic;
				CURRENT_PROJECT_VERSION = 1;
				GENERATE_INFOPLIST_FILE = YES;
				IPHONEOS_DEPLOYMENT_TARGET = 18.2;
				MARKETING_VERSION = 1.0;
				PRODUCT_BUNDLE_IDENTIFIER = AADI.Assingmet121225Tests;
				PRODUCT_NAME = "$(TARGET_NAME)";
				SWIFT_EMIT_LOC_STRINGS = NO;
				SWIFT_VERSION = 5.0;
				TARGETED_DEVICE_FAMILY = "1,2";
				TEST_HOST = "$(BUILT_PRODUCTS_DIR)/Assingmet121225.app/$(BUNDLE_EXECUTABLE_FOLDER_PATH)/Assingmet121225";
			};
			name = Debug;
		};
		0F1E76702EEBF15000F2753C /* Release */ = {
			isa = XCBuildConfiguration;
			buildSettings = {
				BUNDLE_LOADER = "$(TEST_HOST)";
				CODE_SIGN_STYLE = Automatic;
				CURRENT_PROJECT_VERSION = 1;
				GENERATE_INFOPLIST_FILE = YES;
				IPHONEOS_DEPLOYMENT_TARGET = 18.2;
				MARKETING_VERSION = 1.0;
				PRODUCT_BUNDLE_IDENTIFIER = AADI.Assingmet121225Tests;
				PRODUCT_NAME = "$(TARGET_NAME)";
				SWIFT_EMIT_LOC_STRINGS = NO;
				SWIFT_VERSION = 5.0;
				TARGETED_DEVICE_FAMILY = "1,2";
				TEST_HOST = "$(BUILT_PRODUCTS_DIR)/Assingmet121225.app/$(BUNDLE_EXECUTABLE_FOLDER_PATH)/Assingmet121225";
			};
			name = Release;
		};
		0F1E76722EEBF15000F2753C /* Debug */ = {
			isa = XCBuildConfiguration;
			buildSettings = {
				CODE_SIGN_STYLE = Automatic;
				CURRENT_PROJECT_VERSION = 1;
				GENERATE_INFOPLIST_FILE = YES;
				MARKETING_VERSION = 1.0;
				PRODUCT_BUNDLE_IDENTIFIER = AADI.Assingmet121225UITests;
				PRODUCT_NAME = "$(TARGET_NAME)";
				SWIFT_EMIT_LOC_STRINGS = NO;
				SWIFT_VERSION = 5.0;
				TARGETED_DEVICE_FAMILY = "1,2";
				TEST_TARGET_NAME = Assingmet121225;
			};
			name = Debug;
		};
		0F1E76732EEBF15000F2753C /* Release */ = {
			isa = XCBuildConfiguration;
			buildSettings = {
				CODE_SIGN_STYLE = Automatic;
				CURRENT_PROJECT_VERSION = 1;
				GENERATE_INFOPLIST_FILE = YES;
				MARKETING_VERSION = 1.0;
				PRODUCT_BUNDLE_IDENTIFIER = AADI.Assingmet121225UITests;
				PRODUCT_NAME = "$(TARGET_NAME)";
				SWIFT_EMIT_LOC_STRINGS = NO;
				SWIFT_VERSION = 5.0;
				TARGETED_DEVICE_FAMILY = "1,2";
				TEST_TARGET_NAME = Assingmet121225;
			};
			name = Release;
		};
/* End XCBuildConfiguration section */

/* Begin XCConfigurationList section */
		0F1E76422EEBF14E00F2753C /* Build configuration list for PBXProject "Assingmet121225" */ = {
			isa = XCConfigurationList;
			buildConfigurations = (
				0F1E76692EEBF15000F2753C /* Debug */,
				0F1E766A2EEBF15000F2753C /* Release */,
			);
			defaultConfigurationIsVisible = 0;
			defaultConfigurationName = Release;
		};
		0F1E766B2EEBF15000F2753C /* Build configuration list for PBXNativeTarget "Assingmet121225" */ = {
			isa = XCConfigurationList;
			buildConfigurations = (
				0F1E766C2EEBF15000F2753C /* Debug */,
				0F1E766D2EEBF15000F2753C /* Release */,
			);
			defaultConfigurationIsVisible = 0;
			defaultConfigurationName = Release;
		};
		0F1E766E2EEBF15000F2753C /* Build configuration list for PBXNativeTarget "Assingmet121225Tests" */ = {
			isa = XCConfigurationList;
			buildConfigurations = (
				0F1E766F2EEBF15000F2753C /* Debug */,
				0F1E76702EEBF15000F2753C /* Release */,
			);
			defaultConfigurationIsVisible = 0;
			defaultConfigurationName = Release;
		};
		0F1E76712EEBF15000F2753C /* Build configuration list for PBXNativeTarget "Assingmet121225UITests" */ = {
			isa = XCConfigurationList;
			buildConfigurations = (
				0F1E76722EEBF15000F2753C /* Debug */,
				0F1E76732EEBF15000F2753C /* Release */,
			);
			defaultConfigurationIsVisible = 0;
			defaultConfigurationName = Release;
		};
/* End XCConfigurationList section */
	};
	rootObject = 0F1E763F2EEBF14E00F2753C /* Project object */;
}
