// !$*UTF8*$!
{
	archiveVersion = 1;
	classes = {
	};
	objectVersion = 77;
	objects = {

/* Begin PBXContainerItemProxy section */
		0F55F8FD2ED06FA4008A2758 /* PBXContainerItemProxy */ = {
			isa = PBXContainerItemProxy;
			containerPortal = 0F55F8E42ED06FA2008A2758 /* Project object */;
			proxyType = 1;
			remoteGlobalIDString = 0F55F8EB2ED06FA2008A2758;
			remoteInfo = AreaDataCharts;
		};
		0F55F9072ED06FA4008A2758 /* PBXContainerItemProxy */ = {
			isa = PBXContainerItemProxy;
			containerPortal = 0F55F8E42ED06FA2008A2758 /* Project object */;
			proxyType = 1;
			remoteGlobalIDString = 0F55F8EB2ED06FA2008A2758;
			remoteInfo = AreaDataCharts;
		};
/* End PBXContainerItemProxy section */

/* Begin PBXFileReference section */
		0F55F8EC2ED06FA2008A2758 /* AreaDataCharts.app */ = {isa = PBXFileReference; explicitFileType = wrapper.application; includeInIndex = 0; path = AreaDataCharts.app; sourceTree = BUILT_PRODUCTS_DIR; };
		0F55F8FC2ED06FA4008A2758 /* AreaDataChartsTests.xctest */ = {isa = PBXFileReference; explicitFileType = wrapper.cfbundle; includeInIndex = 0; path = AreaDataChartsTests.xctest; sourceTree = BUILT_PRODUCTS_DIR; };
		0F55F9062ED06FA4008A2758 /* AreaDataChartsUITests.xctest */ = {isa = PBXFileReference; explicitFileType = wrapper.cfbundle; includeInIndex = 0; path = AreaDataChartsUITests.xctest; sourceTree = BUILT_PRODUCTS_DIR; };
/* End PBXFileReference section */

/* Begin PBXFileSystemSynchronizedRootGroup section */
		0F55F8EE2ED06FA2008A2758 /* AreaDataCharts */ = {
			isa = PBXFileSystemSynchronizedRootGroup;
			path = AreaDataCharts;
			sourceTree = "<group>";
		};
		0F55F8FF2ED06FA4008A2758 /* AreaDataChartsTests */ = {
			isa = PBXFileSystemSynchronizedRootGroup;
			path = AreaDataChartsTests;
			sourceTree = "<group>";
		};
		0F55F9092ED06FA4008A2758 /* AreaDataChartsUITests */ = {
			isa = PBXFileSystemSynchronizedRootGroup;
			path = AreaDataChartsUITests;
			sourceTree = "<group>";
		};
/* End PBXFileSystemSynchronizedRootGroup section */

/* Begin PBXFrameworksBuildPhase section */
		0F55F8E92ED06FA2008A2758 /* Frameworks */ = {
			isa = PBXFrameworksBuildPhase;
			buildActionMask = 2147483647;
			files = (
			);
			runOnlyForDeploymentPostprocessing = 0;
		};
		0F55F8F92ED06FA4008A2758 /* Frameworks */ = {
			isa = PBXFrameworksBuildPhase;
			buildActionMask = 2147483647;
			files = (
			);
			runOnlyForDeploymentPostprocessing = 0;
		};
		0F55F9032ED06FA4008A2758 /* Frameworks */ = {
			isa = PBXFrameworksBuildPhase;
			buildActionMask = 2147483647;
			files = (
			);
			runOnlyForDeploymentPostprocessing = 0;
		};
/* End PBXFrameworksBuildPhase section */

/* Begin PBXGroup section */
		0F55F8E32ED06FA2008A2758 = {
			isa = PBXGroup;
			children = (
				0F55F8EE2ED06FA2008A2758 /* AreaDataCharts */,
				0F55F8FF2ED06FA4008A2758 /* AreaDataChartsTests */,
				0F55F9092ED06FA4008A2758 /* AreaDataChartsUITests */,
				0F55F8ED2ED06FA2008A2758 /* Products */,
			);
			sourceTree = "<group>";
		};
		0F55F8ED2ED06FA2008A2758 /* Products */ = {
			isa = PBXGroup;
			children = (
				0F55F8EC2ED06FA2008A2758 /* AreaDataCharts.app */,
				0F55F8FC2ED06FA4008A2758 /* AreaDataChartsTests.xctest */,
				0F55F9062ED06FA4008A2758 /* AreaDataChartsUITests.xctest */,
			);
			name = Products;
			sourceTree = "<group>";
		};
/* End PBXGroup section */

/* Begin PBXNativeTarget section */
		0F55F8EB2ED06FA2008A2758 /* AreaDataCharts */ = {
			isa = PBXNativeTarget;
			buildConfigurationList = 0F55F9102ED06FA4008A2758 /* Build configuration list for PBXNativeTarget "AreaDataCharts" */;
			buildPhases = (
				0F55F8E82ED06FA2008A2758 /* Sources */,
				0F55F8E92ED06FA2008A2758 /* Frameworks */,
				0F55F8EA2ED06FA2008A2758 /* Resources */,
			);
			buildRules = (
			);
			dependencies = (
			);
			fileSystemSynchronizedGroups = (
				0F55F8EE2ED06FA2008A2758 /* AreaDataCharts */,
			);
			name = AreaDataCharts;
			packageProductDependencies = (
			);
			productName = AreaDataCharts;
			productReference = 0F55F8EC2ED06FA2008A2758 /* AreaDataCharts.app */;
			productType = "com.apple.product-type.application";
		};
		0F55F8FB2ED06FA4008A2758 /* AreaDataChartsTests */ = {
			isa = PBXNativeTarget;
			buildConfigurationList = 0F55F9132ED06FA4008A2758 /* Build configuration list for PBXNativeTarget "AreaDataChartsTests" */;
			buildPhases = (
				0F55F8F82ED06FA4008A2758 /* Sources */,
				0F55F8F92ED06FA4008A2758 /* Frameworks */,
				0F55F8FA2ED06FA4008A2758 /* Resources */,
			);
			buildRules = (
			);
			dependencies = (
				0F55F8FE2ED06FA4008A2758 /* PBXTargetDependency */,
			);
			fileSystemSynchronizedGroups = (
				0F55F8FF2ED06FA4008A2758 /* AreaDataChartsTests */,
			);
			name = AreaDataChartsTests;
			packageProductDependencies = (
			);
			productName = AreaDataChartsTests;
			productReference = 0F55F8FC2ED06FA4008A2758 /* AreaDataChartsTests.xctest */;
			productType = "com.apple.product-type.bundle.unit-test";
		};
		0F55F9052ED06FA4008A2758 /* AreaDataChartsUITests */ = {
			isa = PBXNativeTarget;
			buildConfigurationList = 0F55F9162ED06FA4008A2758 /* Build configuration list for PBXNativeTarget "AreaDataChartsUITests" */;
			buildPhases = (
				0F55F9022ED06FA4008A2758 /* Sources */,
				0F55F9032ED06FA4008A2758 /* Frameworks */,
				0F55F9042ED06FA4008A2758 /* Resources */,
			);
			buildRules = (
			);
			dependencies = (
				0F55F9082ED06FA4008A2758 /* PBXTargetDependency */,
			);
			fileSystemSynchronizedGroups = (
				0F55F9092ED06FA4008A2758 /* AreaDataChartsUITests */,
			);
			name = AreaDataChartsUITests;
			packageProductDependencies = (
			);
			productName = AreaDataChartsUITests;
			productReference = 0F55F9062ED06FA4008A2758 /* AreaDataChartsUITests.xctest */;
			productType = "com.apple.product-type.bundle.ui-testing";
		};
/* End PBXNativeTarget section */

/* Begin PBXProject section */
		0F55F8E42ED06FA2008A2758 /* Project object */ = {
			isa = PBXProject;
			attributes = {
				BuildIndependentTargetsInParallel = 1;
				LastSwiftUpdateCheck = 1620;
				LastUpgradeCheck = 1620;
				TargetAttributes = {
					0F55F8EB2ED06FA2008A2758 = {
						CreatedOnToolsVersion = 16.2;
					};
					0F55F8FB2ED06FA4008A2758 = {
						CreatedOnToolsVersion = 16.2;
						TestTargetID = 0F55F8EB2ED06FA2008A2758;
					};
					0F55F9052ED06FA4008A2758 = {
						CreatedOnToolsVersion = 16.2;
						TestTargetID = 0F55F8EB2ED06FA2008A2758;
					};
				};
			};
			buildConfigurationList = 0F55F8E72ED06FA2008A2758 /* Build configuration list for PBXProject "AreaDataCharts" */;
			developmentRegion = en;
			hasScannedForEncodings = 0;
			knownRegions = (
				en,
				Base,
			);
			mainGroup = 0F55F8E32ED06FA2008A2758;
			minimizedProjectReferenceProxies = 1;
			preferredProjectObjectVersion = 77;
			productRefGroup = 0F55F8ED2ED06FA2008A2758 /* Products */;
			projectDirPath = "";
			projectRoot = "";
			targets = (
				0F55F8EB2ED06FA2008A2758 /* AreaDataCharts */,
				0F55F8FB2ED06FA4008A2758 /* AreaDataChartsTests */,
				0F55F9052ED06FA4008A2758 /* AreaDataChartsUITests */,
			);
		};
/* End PBXProject section */

/* Begin PBXResourcesBuildPhase section */
		0F55F8EA2ED06FA2008A2758 /* Resources */ = {
			isa = PBXResourcesBuildPhase;
			buildActionMask = 2147483647;
			files = (
			);
			runOnlyForDeploymentPostprocessing = 0;
		};
		0F55F8FA2ED06FA4008A2758 /* Resources */ = {
			isa = PBXResourcesBuildPhase;
			buildActionMask = 2147483647;
			files = (
			);
			runOnlyForDeploymentPostprocessing = 0;
		};
		0F55F9042ED06FA4008A2758 /* Resources */ = {
			isa = PBXResourcesBuildPhase;
			buildActionMask = 2147483647;
			files = (
			);
			runOnlyForDeploymentPostprocessing = 0;
		};
/* End PBXResourcesBuildPhase section */

/* Begin PBXSourcesBuildPhase section */
		0F55F8E82ED06FA2008A2758 /* Sources */ = {
			isa = PBXSourcesBuildPhase;
			buildActionMask = 2147483647;
			files = (
			);
			runOnlyForDeploymentPostprocessing = 0;
		};
		0F55F8F82ED06FA4008A2758 /* Sources */ = {
			isa = PBXSourcesBuildPhase;
			buildActionMask = 2147483647;
			files = (
			);
			runOnlyForDeploymentPostprocessing = 0;
		};
		0F55F9022ED06FA4008A2758 /* Sources */ = {
			isa = PBXSourcesBuildPhase;
			buildActionMask = 2147483647;
			files = (
			);
			runOnlyForDeploymentPostprocessing = 0;
		};
/* End PBXSourcesBuildPhase section */

/* Begin PBXTargetDependency section */
		0F55F8FE2ED06FA4008A2758 /* PBXTargetDependency */ = {
			isa = PBXTargetDependency;
			target = 0F55F8EB2ED06FA2008A2758 /* AreaDataCharts */;
			targetProxy = 0F55F8FD2ED06FA4008A2758 /* PBXContainerItemProxy */;
		};
		0F55F9082ED06FA4008A2758 /* PBXTargetDependency */ = {
			isa = PBXTargetDependency;
			target = 0F55F8EB2ED06FA2008A2758 /* AreaDataCharts */;
			targetProxy = 0F55F9072ED06FA4008A2758 /* PBXContainerItemProxy */;
		};
/* End PBXTargetDependency section */

/* Begin XCBuildConfiguration section */
		0F55F90E2ED06FA4008A2758 /* Debug */ = {
			isa = XCBuildConfiguration;
			buildSettings = {
				ALWAYS_SEARCH_USER_PATHS = NO;
				ASSETCATALOG_COMPILER_GENERATE_SWIFT_ASSET_SYMBOL_EXTENSIONS = YES;
				CLANG_ANALYZER_NONNULL = YES;
				CLANG_ANALYZER_NUMBER_OBJECT_CONVERSION = YES_AGGRESSIVE;
				CLANG_CXX_LANGUAGE_STANDARD = "gnu++20";
				CLANG_ENABLE_MODULES = YES;
				CLANG_ENABLE_OBJC_ARC = YES;
				CLANG_ENABLE_OBJC_WEAK = YES;
				CLANG_WARN_BLOCK_CAPTURE_AUTORELEASING = YES;
				CLANG_WARN_BOOL_CONVERSION = YES;
				CLANG_WARN_COMMA = YES;
				CLANG_WARN_CONSTANT_CONVERSION = YES;
				CLANG_WARN_DEPRECATED_OBJC_IMPLEMENTATIONS = YES;
				CLANG_WARN_DIRECT_OBJC_ISA_USAGE = YES_ERROR;
				CLANG_WARN_DOCUMENTATION_COMMENTS = YES;
				CLANG_WARN_EMPTY_BODY = YES;
				CLANG_WARN_ENUM_CONVERSION = YES;
				CLANG_WARN_INFINITE_RECURSION = YES;
				CLANG_WARN_INT_CONVERSION = YES;
				CLANG_WARN_NON_LITERAL_NULL_CONVERSION = YES;
				CLANG_WARN_OBJC_IMPLICIT_RETAIN_SELF = YES;
				CLANG_WARN_OBJC_LITERAL_CONVERSION = YES;
				CLANG_WARN_OBJC_ROOT_CLASS = YES_ERROR;
				CLANG_WARN_QUOTED_INCLUDE_IN_FRAMEWORK_HEADER = YES;
				CLANG_WARN_RANGE_LOOP_ANALYSIS = YES;
				CLANG_WARN_STRICT_PROTOTYPES = YES;
				CLANG_WARN_SUSPICIOUS_MOVE = YES;
				CLANG_WARN_UNGUARDED_AVAILABILITY = YES_AGGRESSIVE;
				CLANG_WARN_UNREACHABLE_CODE = YES;
				CLANG_WARN__DUPLICATE_METHOD_MATCH = YES;
				COPY_PHASE_STRIP = NO;
				DEBUG_INFORMATION_FORMAT = dwarf;
				ENABLE_STRICT_OBJC_MSGSEND = YES;
				ENABLE_TESTABILITY = YES;
				ENABLE_USER_SCRIPT_SANDBOXING = YES;
				GCC_C_LANGUAGE_STANDARD = gnu17;
				GCC_DYNAMIC_NO_PIC = NO;
				GCC_NO_COMMON_BLOCKS = YES;
				GCC_OPTIMIZATION_LEVEL = 0;
				GCC_PREPROCESSOR_DEFINITIONS = (
					"DEBUG=1",
					"$(inherited)",
				);
				GCC_WARN_64_TO_32_BIT_CONVERSION = YES;
				GCC_WARN_ABOUT_RETURN_TYPE = YES_ERROR;
				GCC_WARN_UNDECLARED_SELECTOR = YES;
				GCC_WARN_UNINITIALIZED_AUTOS = YES_AGGRESSIVE;
				GCC_WARN_UNUSED_FUNCTION = YES;
				GCC_WARN_UNUSED_VARIABLE = YES;
				IPHONEOS_DEPLOYMENT_TARGET = 18.2;
				LOCALIZATION_PREFERS_STRING_CATALOGS = YES;
				MTL_ENABLE_DEBUG_INFO = INCLUDE_SOURCE;
				MTL_FAST_MATH = YES;
				ONLY_ACTIVE_ARCH = YES;
				SDKROOT = iphoneos;
				SWIFT_ACTIVE_COMPILATION_CONDITIONS = "DEBUG $(inherited)";
				SWIFT_OPTIMIZATION_LEVEL = "-Onone";
			};
			name = Debug;
		};
		0F55F90F2ED06FA4008A2758 /* Release */ = {
			isa = XCBuildConfiguration;
			buildSettings = {
				ALWAYS_SEARCH_USER_PATHS = NO;
				ASSETCATALOG_COMPILER_GENERATE_SWIFT_ASSET_SYMBOL_EXTENSIONS = YES;
				CLANG_ANALYZER_NONNULL = YES;
				CLANG_ANALYZER_NUMBER_OBJECT_CONVERSION = YES_AGGRESSIVE;
				CLANG_CXX_LANGUAGE_STANDARD = "gnu++20";
				CLANG_ENABLE_MODULES = YES;
				CLANG_ENABLE_OBJC_ARC = YES;
				CLANG_ENABLE_OBJC_WEAK = YES;
				CLANG_WARN_BLOCK_CAPTURE_AUTORELEASING = YES;
				CLANG_WARN_BOOL_CONVERSION = YES;
				CLANG_WARN_COMMA = YES;
				CLANG_WARN_CONSTANT_CONVERSION = YES;
				CLANG_WARN_DEPRECATED_OBJC_IMPLEMENTATIONS = YES;
				CLANG_WARN_DIRECT_OBJC_ISA_USAGE = YES_ERROR;
				CLANG_WARN_DOCUMENTATION_COMMENTS = YES;
				CLANG_WARN_EMPTY_BODY = YES;
				CLANG_WARN_ENUM_CONVERSION = YES;
				CLANG_WARN_INFINITE_RECURSION = YES;
				CLANG_WARN_INT_CONVERSION = YES;
				CLANG_WARN_NON_LITERAL_NULL_CONVERSION = YES;
				CLANG_WARN_OBJC_IMPLICIT_RETAIN_SELF = YES;
				CLANG_WARN_OBJC_LITERAL_CONVERSION = YES;
				CLANG_WARN_OBJC_ROOT_CLASS = YES_ERROR;
				CLANG_WARN_QUOTED_INCLUDE_IN_FRAMEWORK_HEADER = YES;
				CLANG_WARN_RANGE_LOOP_ANALYSIS = YES;
				CLANG_WARN_STRICT_PROTOTYPES = YES;
				CLANG_WARN_SUSPICIOUS_MOVE = YES;
				CLANG_WARN_UNGUARDED_AVAILABILITY = YES_AGGRESSIVE;
				CLANG_WARN_UNREACHABLE_CODE = YES;
				CLANG_WARN__DUPLICATE_METHOD_MATCH = YES;
				COPY_PHASE_STRIP = NO;
				DEBUG_INFORMATION_FORMAT = "dwarf-with-dsym";
				ENABLE_NS_ASSERTIONS = NO;
				ENABLE_STRICT_OBJC_MSGSEND = YES;
				ENABLE_USER_SCRIPT_SANDBOXING = YES;
				GCC_C_LANGUAGE_STANDARD = gnu17;
				GCC_NO_COMMON_BLOCKS = YES;
				GCC_WARN_64_TO_32_BIT_CONVERSION = YES;
				GCC_WARN_ABOUT_RETURN_TYPE = YES_ERROR;
				GCC_WARN_UNDECLARED_SELECTOR = YES;
				GCC_WARN_UNINITIALIZED_AUTOS = YES_AGGRESSIVE;
				GCC_WARN_UNUSED_FUNCTION = YES;
				GCC_WARN_UNUSED_VARIABLE = YES;
				IPHONEOS_DEPLOYMENT_TARGET = 18.2;
				LOCALIZATION_PREFERS_STRING_CATALOGS = YES;
				MTL_ENABLE_DEBUG_INFO = NO;
				MTL_FAST_MATH = YES;
				SDKROOT = iphoneos;
				SWIFT_COMPILATION_MODE = wholemodule;
				VALIDATE_PRODUCT = YES;
			};
			name = Release;
		};
		0F55F9112ED06FA4008A2758 /* Debug */ = {
			isa = XCBuildConfiguration;
			buildSettings = {
				ASSETCATALOG_COMPILER_APPICON_NAME = AppIcon;
				ASSETCATALOG_COMPILER_GLOBAL_ACCENT_COLOR_NAME = AccentColor;
				CODE_SIGN_STYLE = Automatic;
				CURRENT_PROJECT_VERSION = 1;
				DEVELOPMENT_ASSET_PATHS = "\"AreaDataCharts/Preview Content\"";
				ENABLE_PREVIEWS = YES;
				GENERATE_INFOPLIST_FILE = YES;
				INFOPLIST_KEY_UIApplicationSceneManifest_Generation = YES;
				INFOPLIST_KEY_UIApplicationSupportsIndirectInputEvents = YES;
				INFOPLIST_KEY_UILaunchScreen_Generation = YES;
				INFOPLIST_KEY_UISupportedInterfaceOrientations_iPad = "UIInterfaceOrientationPortrait UIInterfaceOrientationPortraitUpsideDown UIInterfaceOrientationLandscapeLeft UIInterfaceOrientationLandscapeRight";
				INFOPLIST_KEY_UISupportedInterfaceOrientations_iPhone = "UIInterfaceOrientationPortrait UIInterfaceOrientationLandscapeLeft UIInterfaceOrientationLandscapeRight";
				LD_RUNPATH_SEARCH_PATHS = (
					"$(inherited)",
					"@executable_path/Frameworks",
				);
				MARKETING_VERSION = 1.0;
				PRODUCT_BUNDLE_IDENTIFIER = AADI.AreaDataCharts;
				PRODUCT_NAME = "$(TARGET_NAME)";
				SWIFT_EMIT_LOC_STRINGS = YES;
				SWIFT_VERSION = 5.0;
				TARGETED_DEVICE_FAMILY = "1,2";
			};
			name = Debug;
		};
		0F55F9122ED06FA4008A2758 /* Release */ = {
			isa = XCBuildConfiguration;
			buildSettings = {
				ASSETCATALOG_COMPILER_APPICON_NAME = AppIcon;
				ASSETCATALOG_COMPILER_GLOBAL_ACCENT_COLOR_NAME = AccentColor;
				CODE_SIGN_STYLE = Automatic;
				CURRENT_PROJECT_VERSION = 1;
				DEVELOPMENT_ASSET_PATHS = "\"AreaDataCharts/Preview Content\"";
				ENABLE_PREVIEWS = YES;
				GENERATE_INFOPLIST_FILE = YES;
				INFOPLIST_KEY_UIApplicationSceneManifest_Generation = YES;
				INFOPLIST_KEY_UIApplicationSupportsIndirectInputEvents = YES;
				INFOPLIST_KEY_UILaunchScreen_Generation = YES;
				INFOPLIST_KEY_UISupportedInterfaceOrientations_iPad = "UIInterfaceOrientationPortrait UIInterfaceOrientationPortraitUpsideDown UIInterfaceOrientationLandscapeLeft UIInterfaceOrientationLandscapeRight";
				INFOPLIST_KEY_UISupportedInterfaceOrientations_iPhone = "UIInterfaceOrientationPortrait UIInterfaceOrientationLandscapeLeft UIInterfaceOrientationLandscapeRight";
				LD_RUNPATH_SEARCH_PATHS = (
					"$(inherited)",
					"@executable_path/Frameworks",
				);
				MARKETING_VERSION = 1.0;
				PRODUCT_BUNDLE_IDENTIFIER = AADI.AreaDataCharts;
				PRODUCT_NAME = "$(TARGET_NAME)";
				SWIFT_EMIT_LOC_STRINGS = YES;
				SWIFT_VERSION = 5.0;
				TARGETED_DEVICE_FAMILY = "1,2";
			};
			name = Release;
		};
		0F55F9142ED06FA4008A2758 /* Debug */ = {
			isa = XCBuildConfiguration;
			buildSettings = {
				BUNDLE_LOADER = "$(TEST_HOST)";
				CODE_SIGN_STYLE = Automatic;
				CURRENT_PROJECT_VERSION = 1;
				GENERATE_INFOPLIST_FILE = YES;
				IPHONEOS_DEPLOYMENT_TARGET = 18.2;
				MARKETING_VERSION = 1.0;
				PRODUCT_BUNDLE_IDENTIFIER = AADI.AreaDataChartsTests;
				PRODUCT_NAME = "$(TARGET_NAME)";
				SWIFT_EMIT_LOC_STRINGS = NO;
				SWIFT_VERSION = 5.0;
				TARGETED_DEVICE_FAMILY = "1,2";
				TEST_HOST = "$(BUILT_PRODUCTS_DIR)/AreaDataCharts.app/$(BUNDLE_EXECUTABLE_FOLDER_PATH)/AreaDataCharts";
			};
			name = Debug;
		};
		0F55F9152ED06FA4008A2758 /* Release */ = {
			isa = XCBuildConfiguration;
			buildSettings = {
				BUNDLE_LOADER = "$(TEST_HOST)";
				CODE_SIGN_STYLE = Automatic;
				CURRENT_PROJECT_VERSION = 1;
				GENERATE_INFOPLIST_FILE = YES;
				IPHONEOS_DEPLOYMENT_TARGET = 18.2;
				MARKETING_VERSION = 1.0;
				PRODUCT_BUNDLE_IDENTIFIER = AADI.AreaDataChartsTests;
				PRODUCT_NAME = "$(TARGET_NAME)";
				SWIFT_EMIT_LOC_STRINGS = NO;
				SWIFT_VERSION = 5.0;
				TARGETED_DEVICE_FAMILY = "1,2";
				TEST_HOST = "$(BUILT_PRODUCTS_DIR)/AreaDataCharts.app/$(BUNDLE_EXECUTABLE_FOLDER_PATH)/AreaDataCharts";
			};
			name = Release;
		};
		0F55F9172ED06FA4008A2758 /* Debug */ = {
			isa = XCBuildConfiguration;
			buildSettings = {
				CODE_SIGN_STYLE = Automatic;
				CURRENT_PROJECT_VERSION = 1;
				GENERATE_INFOPLIST_FILE = YES;
				MARKETING_VERSION = 1.0;
				PRODUCT_BUNDLE_IDENTIFIER = AADI.AreaDataChartsUITests;
				PRODUCT_NAME = "$(TARGET_NAME)";
				SWIFT_EMIT_LOC_STRINGS = NO;
				SWIFT_VERSION = 5.0;
				TARGETED_DEVICE_FAMILY = "1,2";
				TEST_TARGET_NAME = AreaDataCharts;
			};
			name = Debug;
		};
		0F55F9182ED06FA4008A2758 /* Release */ = {
			isa = XCBuildConfiguration;
			buildSettings = {
				CODE_SIGN_STYLE = Automatic;
				CURRENT_PROJECT_VERSION = 1;
				GENERATE_INFOPLIST_FILE = YES;
				MARKETING_VERSION = 1.0;
				PRODUCT_BUNDLE_IDENTIFIER = AADI.AreaDataChartsUITests;
				PRODUCT_NAME = "$(TARGET_NAME)";
				SWIFT_EMIT_LOC_STRINGS = NO;
				SWIFT_VERSION = 5.0;
				TARGETED_DEVICE_FAMILY = "1,2";
				TEST_TARGET_NAME = AreaDataCharts;
			};
			name = Release;
		};
/* End XCBuildConfiguration section */

/* Begin XCConfigurationList section */
		0F55F8E72ED06FA2008A2758 /* Build configuration list for PBXProject "AreaDataCharts" */ = {
			isa = XCConfigurationList;
			buildConfigurations = (
				0F55F90E2ED06FA4008A2758 /* Debug */,
				0F55F90F2ED06FA4008A2758 /* Release */,
			);
			defaultConfigurationIsVisible = 0;
			defaultConfigurationName = Release;
		};
		0F55F9102ED06FA4008A2758 /* Build configuration list for PBXNativeTarget "AreaDataCharts" */ = {
			isa = XCConfigurationList;
			buildConfigurations = (
				0F55F9112ED06FA4008A2758 /* Debug */,
				0F55F9122ED06FA4008A2758 /* Release */,
			);
			defaultConfigurationIsVisible = 0;
			defaultConfigurationName = Release;
		};
		0F55F9132ED06FA4008A2758 /* Build configuration list for PBXNativeTarget "AreaDataChartsTests" */ = {
			isa = XCConfigurationList;
			buildConfigurations = (
				0F55F9142ED06FA4008A2758 /* Debug */,
				0F55F9152ED06FA4008A2758 /* Release */,
			);
			defaultConfigurationIsVisible = 0;
			defaultConfigurationName = Release;
		};
		0F55F9162ED06FA4008A2758 /* Build configuration list for PBXNativeTarget "AreaDataChartsUITests" */ = {
			isa = XCConfigurationList;
			buildConfigurations = (
				0F55F9172ED06FA4008A2758 /* Debug */,
				0F55F9182ED06FA4008A2758 /* Release */,
			);
			defaultConfigurationIsVisible = 0;
			defaultConfigurationName = Release;
		};
/* End XCConfigurationList section */
	};
	rootObject = 0F55F8E42ED06FA2008A2758 /* Project object */;
}
