// !$*UTF8*$!
{
	archiveVersion = 1;
	classes = {
	};
	objectVersion = 77;
	objects = {

/* Begin PBXContainerItemProxy section */
		0F2C612F2EEAA9880006DD06 /* PBXContainerItemProxy */ = {
			isa = PBXContainerItemProxy;
			containerPortal = 0F2C61162EEAA9860006DD06 /* Project object */;
			proxyType = 1;
			remoteGlobalIDString = 0F2C611D2EEAA9860006DD06;
			remoteInfo = "cat and dog";
		};
		0F2C61392EEAA9880006DD06 /* PBXContainerItemProxy */ = {
			isa = PBXContainerItemProxy;
			containerPortal = 0F2C61162EEAA9860006DD06 /* Project object */;
			proxyType = 1;
			remoteGlobalIDString = 0F2C611D2EEAA9860006DD06;
			remoteInfo = "cat and dog";
		};
/* End PBXContainerItemProxy section */

/* Begin PBXFileReference section */
		0F2C611E2EEAA9860006DD06 /* cat and dog.app */ = {isa = PBXFileReference; explicitFileType = wrapper.application; includeInIndex = 0; path = "cat and dog.app"; sourceTree = BUILT_PRODUCTS_DIR; };
		0F2C612E2EEAA9880006DD06 /* cat and dogTests.xctest */ = {isa = PBXFileReference; explicitFileType = wrapper.cfbundle; includeInIndex = 0; path = "cat and dogTests.xctest"; sourceTree = BUILT_PRODUCTS_DIR; };
		0F2C61382EEAA9880006DD06 /* cat and dogUITests.xctest */ = {isa = PBXFileReference; explicitFileType = wrapper.cfbundle; includeInIndex = 0; path = "cat and dogUITests.xctest"; sourceTree = BUILT_PRODUCTS_DIR; };
/* End PBXFileReference section */

/* Begin PBXFileSystemSynchronizedBuildFileExceptionSet section */
		0F2C614F2EEAA9E40006DD06 /* Exceptions for "cat and dogTests" folder in "cat and dog" target */ = {
			isa = PBXFileSystemSynchronizedBuildFileExceptionSet;
			membershipExceptions = (
				catanddogClassifier.mlmodel,
			);
			target = 0F2C611D2EEAA9860006DD06 /* cat and dog */;
		};
		0F2C61502EEAA9E40006DD06 /* Exceptions for "cat and dogTests" folder in "cat and dogUITests" target */ = {
			isa = PBXFileSystemSynchronizedBuildFileExceptionSet;
			membershipExceptions = (
				catanddogClassifier.mlmodel,
			);
			target = 0F2C61372EEAA9880006DD06 /* cat and dogUITests */;
		};
		0F2C61572EEAB2E80006DD06 /* Exceptions for "cat and dogUITests" folder in "cat and dog" target */ = {
			isa = PBXFileSystemSynchronizedBuildFileExceptionSet;
			membershipExceptions = (
				catanddogClassifier.mlmodel,
			);
			target = 0F2C611D2EEAA9860006DD06 /* cat and dog */;
		};
		0F2C61582EEAB2E80006DD06 /* Exceptions for "cat and dogUITests" folder in "cat and dogTests" target */ = {
			isa = PBXFileSystemSynchronizedBuildFileExceptionSet;
			membershipExceptions = (
				catanddogClassifier.mlmodel,
			);
			target = 0F2C612D2EEAA9880006DD06 /* cat and dogTests */;
		};
/* End PBXFileSystemSynchronizedBuildFileExceptionSet section */

/* Begin PBXFileSystemSynchronizedRootGroup section */
		0F2C61202EEAA9860006DD06 /* cat and dog */ = {
			isa = PBXFileSystemSynchronizedRootGroup;
			path = "cat and dog";
			sourceTree = "<group>";
		};
		0F2C61312EEAA9880006DD06 /* cat and dogTests */ = {
			isa = PBXFileSystemSynchronizedRootGroup;
			exceptions = (
				0F2C614F2EEAA9E40006DD06 /* Exceptions for "cat and dogTests" folder in "cat and dog" target */,
				0F2C61502EEAA9E40006DD06 /* Exceptions for "cat and dogTests" folder in "cat and dogUITests" target */,
			);
			path = "cat and dogTests";
			sourceTree = "<group>";
		};
		0F2C613B2EEAA9880006DD06 /* cat and dogUITests */ = {
			isa = PBXFileSystemSynchronizedRootGroup;
			exceptions = (
				0F2C61572EEAB2E80006DD06 /* Exceptions for "cat and dogUITests" folder in "cat and dog" target */,
				0F2C61582EEAB2E80006DD06 /* Exceptions for "cat and dogUITests" folder in "cat and dogTests" target */,
			);
			path = "cat and dogUITests";
			sourceTree = "<group>";
		};
/* End PBXFileSystemSynchronizedRootGroup section */

/* Begin PBXFrameworksBuildPhase section */
		0F2C611B2EEAA9860006DD06 /* Frameworks */ = {
			isa = PBXFrameworksBuildPhase;
			buildActionMask = 2147483647;
			files = (
			);
			runOnlyForDeploymentPostprocessing = 0;
		};
		0F2C612B2EEAA9880006DD06 /* Frameworks */ = {
			isa = PBXFrameworksBuildPhase;
			buildActionMask = 2147483647;
			files = (
			);
			runOnlyForDeploymentPostprocessing = 0;
		};
		0F2C61352EEAA9880006DD06 /* Frameworks */ = {
			isa = PBXFrameworksBuildPhase;
			buildActionMask = 2147483647;
			files = (
			);
			runOnlyForDeploymentPostprocessing = 0;
		};
/* End PBXFrameworksBuildPhase section */

/* Begin PBXGroup section */
		0F2C61152EEAA9860006DD06 = {
			isa = PBXGroup;
			children = (
				0F2C61202EEAA9860006DD06 /* cat and dog */,
				0F2C61312EEAA9880006DD06 /* cat and dogTests */,
				0F2C613B2EEAA9880006DD06 /* cat and dogUITests */,
				0F2C611F2EEAA9860006DD06 /* Products */,
			);
			sourceTree = "<group>";
		};
		0F2C611F2EEAA9860006DD06 /* Products */ = {
			isa = PBXGroup;
			children = (
				0F2C611E2EEAA9860006DD06 /* cat and dog.app */,
				0F2C612E2EEAA9880006DD06 /* cat and dogTests.xctest */,
				0F2C61382EEAA9880006DD06 /* cat and dogUITests.xctest */,
			);
			name = Products;
			sourceTree = "<group>";
		};
/* End PBXGroup section */

/* Begin PBXNativeTarget section */
		0F2C611D2EEAA9860006DD06 /* cat and dog */ = {
			isa = PBXNativeTarget;
			buildConfigurationList = 0F2C61422EEAA9880006DD06 /* Build configuration list for PBXNativeTarget "cat and dog" */;
			buildPhases = (
				0F2C611A2EEAA9860006DD06 /* Sources */,
				0F2C611B2EEAA9860006DD06 /* Frameworks */,
				0F2C611C2EEAA9860006DD06 /* Resources */,
			);
			buildRules = (
			);
			dependencies = (
			);
			fileSystemSynchronizedGroups = (
				0F2C61202EEAA9860006DD06 /* cat and dog */,
			);
			name = "cat and dog";
			packageProductDependencies = (
			);
			productName = "cat and dog";
			productReference = 0F2C611E2EEAA9860006DD06 /* cat and dog.app */;
			productType = "com.apple.product-type.application";
		};
		0F2C612D2EEAA9880006DD06 /* cat and dogTests */ = {
			isa = PBXNativeTarget;
			buildConfigurationList = 0F2C61452EEAA9880006DD06 /* Build configuration list for PBXNativeTarget "cat and dogTests" */;
			buildPhases = (
				0F2C612A2EEAA9880006DD06 /* Sources */,
				0F2C612B2EEAA9880006DD06 /* Frameworks */,
				0F2C612C2EEAA9880006DD06 /* Resources */,
			);
			buildRules = (
			);
			dependencies = (
				0F2C61302EEAA9880006DD06 /* PBXTargetDependency */,
			);
			fileSystemSynchronizedGroups = (
				0F2C61312EEAA9880006DD06 /* cat and dogTests */,
			);
			name = "cat and dogTests";
			packageProductDependencies = (
			);
			productName = "cat and dogTests";
			productReference = 0F2C612E2EEAA9880006DD06 /* cat and dogTests.xctest */;
			productType = "com.apple.product-type.bundle.unit-test";
		};
		0F2C61372EEAA9880006DD06 /* cat and dogUITests */ = {
			isa = PBXNativeTarget;
			buildConfigurationList = 0F2C61482EEAA9880006DD06 /* Build configuration list for PBXNativeTarget "cat and dogUITests" */;
			buildPhases = (
				0F2C61342EEAA9880006DD06 /* Sources */,
				0F2C61352EEAA9880006DD06 /* Frameworks */,
				0F2C61362EEAA9880006DD06 /* Resources */,
			);
			buildRules = (
			);
			dependencies = (
				0F2C613A2EEAA9880006DD06 /* PBXTargetDependency */,
			);
			fileSystemSynchronizedGroups = (
				0F2C613B2EEAA9880006DD06 /* cat and dogUITests */,
			);
			name = "cat and dogUITests";
			packageProductDependencies = (
			);
			productName = "cat and dogUITests";
			productReference = 0F2C61382EEAA9880006DD06 /* cat and dogUITests.xctest */;
			productType = "com.apple.product-type.bundle.ui-testing";
		};
/* End PBXNativeTarget section */

/* Begin PBXProject section */
		0F2C61162EEAA9860006DD06 /* Project object */ = {
			isa = PBXProject;
			attributes = {
				BuildIndependentTargetsInParallel = 1;
				LastSwiftUpdateCheck = 1620;
				LastUpgradeCheck = 1620;
				TargetAttributes = {
					0F2C611D2EEAA9860006DD06 = {
						CreatedOnToolsVersion = 16.2;
					};
					0F2C612D2EEAA9880006DD06 = {
						CreatedOnToolsVersion = 16.2;
						TestTargetID = 0F2C611D2EEAA9860006DD06;
					};
					0F2C61372EEAA9880006DD06 = {
						CreatedOnToolsVersion = 16.2;
						TestTargetID = 0F2C611D2EEAA9860006DD06;
					};
				};
			};
			buildConfigurationList = 0F2C61192EEAA9860006DD06 /* Build configuration list for PBXProject "cat and dog" */;
			developmentRegion = en;
			hasScannedForEncodings = 0;
			knownRegions = (
				en,
				Base,
			);
			mainGroup = 0F2C61152EEAA9860006DD06;
			minimizedProjectReferenceProxies = 1;
			preferredProjectObjectVersion = 77;
			productRefGroup = 0F2C611F2EEAA9860006DD06 /* Products */;
			projectDirPath = "";
			projectRoot = "";
			targets = (
				0F2C611D2EEAA9860006DD06 /* cat and dog */,
				0F2C612D2EEAA9880006DD06 /* cat and dogTests */,
				0F2C61372EEAA9880006DD06 /* cat and dogUITests */,
			);
		};
/* End PBXProject section */

/* Begin PBXResourcesBuildPhase section */
		0F2C611C2EEAA9860006DD06 /* Resources */ = {
			isa = PBXResourcesBuildPhase;
			buildActionMask = 2147483647;
			files = (
			);
			runOnlyForDeploymentPostprocessing = 0;
		};
		0F2C612C2EEAA9880006DD06 /* Resources */ = {
			isa = PBXResourcesBuildPhase;
			buildActionMask = 2147483647;
			files = (
			);
			runOnlyForDeploymentPostprocessing = 0;
		};
		0F2C61362EEAA9880006DD06 /* Resources */ = {
			isa = PBXResourcesBuildPhase;
			buildActionMask = 2147483647;
			files = (
			);
			runOnlyForDeploymentPostprocessing = 0;
		};
/* End PBXResourcesBuildPhase section */

/* Begin PBXSourcesBuildPhase section */
		0F2C611A2EEAA9860006DD06 /* Sources */ = {
			isa = PBXSourcesBuildPhase;
			buildActionMask = 2147483647;
			files = (
			);
			runOnlyForDeploymentPostprocessing = 0;
		};
		0F2C612A2EEAA9880006DD06 /* Sources */ = {
			isa = PBXSourcesBuildPhase;
			buildActionMask = 2147483647;
			files = (
			);
			runOnlyForDeploymentPostprocessing = 0;
		};
		0F2C61342EEAA9880006DD06 /* Sources */ = {
			isa = PBXSourcesBuildPhase;
			buildActionMask = 2147483647;
			files = (
			);
			runOnlyForDeploymentPostprocessing = 0;
		};
/* End PBXSourcesBuildPhase section */

/* Begin PBXTargetDependency section */
		0F2C61302EEAA9880006DD06 /* PBXTargetDependency */ = {
			isa = PBXTargetDependency;
			target = 0F2C611D2EEAA9860006DD06 /* cat and dog */;
			targetProxy = 0F2C612F2EEAA9880006DD06 /* PBXContainerItemProxy */;
		};
		0F2C613A2EEAA9880006DD06 /* PBXTargetDependency */ = {
			isa = PBXTargetDependency;
			target = 0F2C611D2EEAA9860006DD06 /* cat and dog */;
			targetProxy = 0F2C61392EEAA9880006DD06 /* PBXContainerItemProxy */;
		};
/* End PBXTargetDependency section */

/* Begin XCBuildConfiguration section */
		0F2C61402EEAA9880006DD06 /* Debug */ = {
			isa = XCBuildConfiguration;
			buildSettings = {
				ALWAYS_SEARCH_USER_PATHS = NO;
				ASSETCATALOG_COMPILER_GENERATE_SWIFT_ASSET_SYMBOL_EXTENSIONS = YES;
				CLANG_ANALYZER_NONNULL = YES;
				CLANG_ANALYZER_NUMBER_OBJECT_CONVERSION = YES_AGGRESSIVE;
				CLANG_CXX_LANGUAGE_STANDARD = "gnu++20";
				CLANG_ENABLE_MODULES = YES;
				CLANG_ENABLE_OBJC_ARC = YES;
				CLANG_ENABLE_OBJC_WEAK = YES;
				CLANG_WARN_BLOCK_CAPTURE_AUTORELEASING = YES;
				CLANG_WARN_BOOL_CONVERSION = YES;
				CLANG_WARN_COMMA = YES;
				CLANG_WARN_CONSTANT_CONVERSION = YES;
				CLANG_WARN_DEPRECATED_OBJC_IMPLEMENTATIONS = YES;
				CLANG_WARN_DIRECT_OBJC_ISA_USAGE = YES_ERROR;
				CLANG_WARN_DOCUMENTATION_COMMENTS = YES;
				CLANG_WARN_EMPTY_BODY = YES;
				CLANG_WARN_ENUM_CONVERSION = YES;
				CLANG_WARN_INFINITE_RECURSION = YES;
				CLANG_WARN_INT_CONVERSION = YES;
				CLANG_WARN_NON_LITERAL_NULL_CONVERSION = YES;
				CLANG_WARN_OBJC_IMPLICIT_RETAIN_SELF = YES;
				CLANG_WARN_OBJC_LITERAL_CONVERSION = YES;
				CLANG_WARN_OBJC_ROOT_CLASS = YES_ERROR;
				CLANG_WARN_QUOTED_INCLUDE_IN_FRAMEWORK_HEADER = YES;
				CLANG_WARN_RANGE_LOOP_ANALYSIS = YES;
				CLANG_WARN_STRICT_PROTOTYPES = YES;
				CLANG_WARN_SUSPICIOUS_MOVE = YES;
				CLANG_WARN_UNGUARDED_AVAILABILITY = YES_AGGRESSIVE;
				CLANG_WARN_UNREACHABLE_CODE = YES;
				CLANG_WARN__DUPLICATE_METHOD_MATCH = YES;
				COPY_PHASE_STRIP = NO;
				DEBUG_INFORMATION_FORMAT = dwarf;
				ENABLE_STRICT_OBJC_MSGSEND = YES;
				ENABLE_TESTABILITY = YES;
				ENABLE_USER_SCRIPT_SANDBOXING = YES;
				GCC_C_LANGUAGE_STANDARD = gnu17;
				GCC_DYNAMIC_NO_PIC = NO;
				GCC_NO_COMMON_BLOCKS = YES;
				GCC_OPTIMIZATION_LEVEL = 0;
				GCC_PREPROCESSOR_DEFINITIONS = (
					"DEBUG=1",
					"$(inherited)",
				);
				GCC_WARN_64_TO_32_BIT_CONVERSION = YES;
				GCC_WARN_ABOUT_RETURN_TYPE = YES_ERROR;
				GCC_WARN_UNDECLARED_SELECTOR = YES;
				GCC_WARN_UNINITIALIZED_AUTOS = YES_AGGRESSIVE;
				GCC_WARN_UNUSED_FUNCTION = YES;
				GCC_WARN_UNUSED_VARIABLE = YES;
				IPHONEOS_DEPLOYMENT_TARGET = 18.2;
				LOCALIZATION_PREFERS_STRING_CATALOGS = YES;
				MTL_ENABLE_DEBUG_INFO = INCLUDE_SOURCE;
				MTL_FAST_MATH = YES;
				ONLY_ACTIVE_ARCH = YES;
				SDKROOT = iphoneos;
				SWIFT_ACTIVE_COMPILATION_CONDITIONS = "DEBUG $(inherited)";
				SWIFT_OPTIMIZATION_LEVEL = "-Onone";
			};
			name = Debug;
		};
		0F2C61412EEAA9880006DD06 /* Release */ = {
			isa = XCBuildConfiguration;
			buildSettings = {
				ALWAYS_SEARCH_USER_PATHS = NO;
				ASSETCATALOG_COMPILER_GENERATE_SWIFT_ASSET_SYMBOL_EXTENSIONS = YES;
				CLANG_ANALYZER_NONNULL = YES;
				CLANG_ANALYZER_NUMBER_OBJECT_CONVERSION = YES_AGGRESSIVE;
				CLANG_CXX_LANGUAGE_STANDARD = "gnu++20";
				CLANG_ENABLE_MODULES = YES;
				CLANG_ENABLE_OBJC_ARC = YES;
				CLANG_ENABLE_OBJC_WEAK = YES;
				CLANG_WARN_BLOCK_CAPTURE_AUTORELEASING = YES;
				CLANG_WARN_BOOL_CONVERSION = YES;
				CLANG_WARN_COMMA = YES;
				CLANG_WARN_CONSTANT_CONVERSION = YES;
				CLANG_WARN_DEPRECATED_OBJC_IMPLEMENTATIONS = YES;
				CLANG_WARN_DIRECT_OBJC_ISA_USAGE = YES_ERROR;
				CLANG_WARN_DOCUMENTATION_COMMENTS = YES;
				CLANG_WARN_EMPTY_BODY = YES;
				CLANG_WARN_ENUM_CONVERSION = YES;
				CLANG_WARN_INFINITE_RECURSION = YES;
				CLANG_WARN_INT_CONVERSION = YES;
				CLANG_WARN_NON_LITERAL_NULL_CONVERSION = YES;
				CLANG_WARN_OBJC_IMPLICIT_RETAIN_SELF = YES;
				CLANG_WARN_OBJC_LITERAL_CONVERSION = YES;
				CLANG_WARN_OBJC_ROOT_CLASS = YES_ERROR;
				CLANG_WARN_QUOTED_INCLUDE_IN_FRAMEWORK_HEADER = YES;
				CLANG_WARN_RANGE_LOOP_ANALYSIS = YES;
				CLANG_WARN_STRICT_PROTOTYPES = YES;
				CLANG_WARN_SUSPICIOUS_MOVE = YES;
				CLANG_WARN_UNGUARDED_AVAILABILITY = YES_AGGRESSIVE;
				CLANG_WARN_UNREACHABLE_CODE = YES;
				CLANG_WARN__DUPLICATE_METHOD_MATCH = YES;
				COPY_PHASE_STRIP = NO;
				DEBUG_INFORMATION_FORMAT = "dwarf-with-dsym";
				ENABLE_NS_ASSERTIONS = NO;
				ENABLE_STRICT_OBJC_MSGSEND = YES;
				ENABLE_USER_SCRIPT_SANDBOXING = YES;
				GCC_C_LANGUAGE_STANDARD = gnu17;
				GCC_NO_COMMON_BLOCKS = YES;
				GCC_WARN_64_TO_32_BIT_CONVERSION = YES;
				GCC_WARN_ABOUT_RETURN_TYPE = YES_ERROR;
				GCC_WARN_UNDECLARED_SELECTOR = YES;
				GCC_WARN_UNINITIALIZED_AUTOS = YES_AGGRESSIVE;
				GCC_WARN_UNUSED_FUNCTION = YES;
				GCC_WARN_UNUSED_VARIABLE = YES;
				IPHONEOS_DEPLOYMENT_TARGET = 18.2;
				LOCALIZATION_PREFERS_STRING_CATALOGS = YES;
				MTL_ENABLE_DEBUG_INFO = NO;
				MTL_FAST_MATH = YES;
				SDKROOT = iphoneos;
				SWIFT_COMPILATION_MODE = wholemodule;
				VALIDATE_PRODUCT = YES;
			};
			name = Release;
		};
		0F2C61432EEAA9880006DD06 /* Debug */ = {
			isa = XCBuildConfiguration;
			buildSettings = {
				ASSETCATALOG_COMPILER_APPICON_NAME = AppIcon;
				ASSETCATALOG_COMPILER_GLOBAL_ACCENT_COLOR_NAME = AccentColor;
				CODE_SIGN_STYLE = Automatic;
				CURRENT_PROJECT_VERSION = 1;
				DEVELOPMENT_ASSET_PATHS = "\"cat and dog/Preview Content\"";
				ENABLE_PREVIEWS = YES;
				GENERATE_INFOPLIST_FILE = YES;
				INFOPLIST_KEY_UIApplicationSceneManifest_Generation = YES;
				INFOPLIST_KEY_UIApplicationSupportsIndirectInputEvents = YES;
				INFOPLIST_KEY_UILaunchScreen_Generation = YES;
				INFOPLIST_KEY_UISupportedInterfaceOrientations_iPad = "UIInterfaceOrientationPortrait UIInterfaceOrientationPortraitUpsideDown UIInterfaceOrientationLandscapeLeft UIInterfaceOrientationLandscapeRight";
				INFOPLIST_KEY_UISupportedInterfaceOrientations_iPhone = "UIInterfaceOrientationPortrait UIInterfaceOrientationLandscapeLeft UIInterfaceOrientationLandscapeRight";
				LD_RUNPATH_SEARCH_PATHS = (
					"$(inherited)",
					"@executable_path/Frameworks",
				);
				MARKETING_VERSION = 1.0;
				PRODUCT_BUNDLE_IDENTIFIER = "AADI.cat-and-dog";
				PRODUCT_NAME = "$(TARGET_NAME)";
				SWIFT_EMIT_LOC_STRINGS = YES;
				SWIFT_VERSION = 5.0;
				TARGETED_DEVICE_FAMILY = "1,2";
			};
			name = Debug;
		};
		0F2C61442EEAA9880006DD06 /* Release */ = {
			isa = XCBuildConfiguration;
			buildSettings = {
				ASSETCATALOG_COMPILER_APPICON_NAME = AppIcon;
				ASSETCATALOG_COMPILER_GLOBAL_ACCENT_COLOR_NAME = AccentColor;
				CODE_SIGN_STYLE = Automatic;
				CURRENT_PROJECT_VERSION = 1;
				DEVELOPMENT_ASSET_PATHS = "\"cat and dog/Preview Content\"";
				ENABLE_PREVIEWS = YES;
				GENERATE_INFOPLIST_FILE = YES;
				INFOPLIST_KEY_UIApplicationSceneManifest_Generation = YES;
				INFOPLIST_KEY_UIApplicationSupportsIndirectInputEvents = YES;
				INFOPLIST_KEY_UILaunchScreen_Generation = YES;
				INFOPLIST_KEY_UISupportedInterfaceOrientations_iPad = "UIInterfaceOrientationPortrait UIInterfaceOrientationPortraitUpsideDown UIInterfaceOrientationLandscapeLeft UIInterfaceOrientationLandscapeRight";
				INFOPLIST_KEY_UISupportedInterfaceOrientations_iPhone = "UIInterfaceOrientationPortrait UIInterfaceOrientationLandscapeLeft UIInterfaceOrientationLandscapeRight";
				LD_RUNPATH_SEARCH_PATHS = (
					"$(inherited)",
					"@executable_path/Frameworks",
				);
				MARKETING_VERSION = 1.0;
				PRODUCT_BUNDLE_IDENTIFIER = "AADI.cat-and-dog";
				PRODUCT_NAME = "$(TARGET_NAME)";
				SWIFT_EMIT_LOC_STRINGS = YES;
				SWIFT_VERSION = 5.0;
				TARGETED_DEVICE_FAMILY = "1,2";
			};
			name = Release;
		};
		0F2C61462EEAA9880006DD06 /* Debug */ = {
			isa = XCBuildConfiguration;
			buildSettings = {
				BUNDLE_LOADER = "$(TEST_HOST)";
				CODE_SIGN_STYLE = Automatic;
				CURRENT_PROJECT_VERSION = 1;
				GENERATE_INFOPLIST_FILE = YES;
				IPHONEOS_DEPLOYMENT_TARGET = 18.2;
				MARKETING_VERSION = 1.0;
				PRODUCT_BUNDLE_IDENTIFIER = "AADI.cat-and-dogTests";
				PRODUCT_NAME = "$(TARGET_NAME)";
				SWIFT_EMIT_LOC_STRINGS = NO;
				SWIFT_VERSION = 5.0;
				TARGETED_DEVICE_FAMILY = "1,2";
				TEST_HOST = "$(BUILT_PRODUCTS_DIR)/cat and dog.app/$(BUNDLE_EXECUTABLE_FOLDER_PATH)/cat and dog";
			};
			name = Debug;
		};
		0F2C61472EEAA9880006DD06 /* Release */ = {
			isa = XCBuildConfiguration;
			buildSettings = {
				BUNDLE_LOADER = "$(TEST_HOST)";
				CODE_SIGN_STYLE = Automatic;
				CURRENT_PROJECT_VERSION = 1;
				GENERATE_INFOPLIST_FILE = YES;
				IPHONEOS_DEPLOYMENT_TARGET = 18.2;
				MARKETING_VERSION = 1.0;
				PRODUCT_BUNDLE_IDENTIFIER = "AADI.cat-and-dogTests";
				PRODUCT_NAME = "$(TARGET_NAME)";
				SWIFT_EMIT_LOC_STRINGS = NO;
				SWIFT_VERSION = 5.0;
				TARGETED_DEVICE_FAMILY = "1,2";
				TEST_HOST = "$(BUILT_PRODUCTS_DIR)/cat and dog.app/$(BUNDLE_EXECUTABLE_FOLDER_PATH)/cat and dog";
			};
			name = Release;
		};
		0F2C61492EEAA9880006DD06 /* Debug */ = {
			isa = XCBuildConfiguration;
			buildSettings = {
				CODE_SIGN_STYLE = Automatic;
				CURRENT_PROJECT_VERSION = 1;
				GENERATE_INFOPLIST_FILE = YES;
				MARKETING_VERSION = 1.0;
				PRODUCT_BUNDLE_IDENTIFIER = "AADI.cat-and-dogUITests";
				PRODUCT_NAME = "$(TARGET_NAME)";
				SWIFT_EMIT_LOC_STRINGS = NO;
				SWIFT_VERSION = 5.0;
				TARGETED_DEVICE_FAMILY = "1,2";
				TEST_TARGET_NAME = "cat and dog";
			};
			name = Debug;
		};
		0F2C614A2EEAA9880006DD06 /* Release */ = {
			isa = XCBuildConfiguration;
			buildSettings = {
				CODE_SIGN_STYLE = Automatic;
				CURRENT_PROJECT_VERSION = 1;
				GENERATE_INFOPLIST_FILE = YES;
				MARKETING_VERSION = 1.0;
				PRODUCT_BUNDLE_IDENTIFIER = "AADI.cat-and-dogUITests";
				PRODUCT_NAME = "$(TARGET_NAME)";
				SWIFT_EMIT_LOC_STRINGS = NO;
				SWIFT_VERSION = 5.0;
				TARGETED_DEVICE_FAMILY = "1,2";
				TEST_TARGET_NAME = "cat and dog";
			};
			name = Release;
		};
/* End XCBuildConfiguration section */

/* Begin XCConfigurationList section */
		0F2C61192EEAA9860006DD06 /* Build configuration list for PBXProject "cat and dog" */ = {
			isa = XCConfigurationList;
			buildConfigurations = (
				0F2C61402EEAA9880006DD06 /* Debug */,
				0F2C61412EEAA9880006DD06 /* Release */,
			);
			defaultConfigurationIsVisible = 0;
			defaultConfigurationName = Release;
		};
		0F2C61422EEAA9880006DD06 /* Build configuration list for PBXNativeTarget "cat and dog" */ = {
			isa = XCConfigurationList;
			buildConfigurations = (
				0F2C61432EEAA9880006DD06 /* Debug */,
				0F2C61442EEAA9880006DD06 /* Release */,
			);
			defaultConfigurationIsVisible = 0;
			defaultConfigurationName = Release;
		};
		0F2C61452EEAA9880006DD06 /* Build configuration list for PBXNativeTarget "cat and dogTests" */ = {
			isa = XCConfigurationList;
			buildConfigurations = (
				0F2C61462EEAA9880006DD06 /* Debug */,
				0F2C61472EEAA9880006DD06 /* Release */,
			);
			defaultConfigurationIsVisible = 0;
			defaultConfigurationName = Release;
		};
		0F2C61482EEAA9880006DD06 /* Build configuration list for PBXNativeTarget "cat and dogUITests" */ = {
			isa = XCConfigurationList;
			buildConfigurations = (
				0F2C61492EEAA9880006DD06 /* Debug */,
				0F2C614A2EEAA9880006DD06 /* Release */,
			);
			defaultConfigurationIsVisible = 0;
			defaultConfigurationName = Release;
		};
/* End XCConfigurationList section */
	};
	rootObject = 0F2C61162EEAA9860006DD06 /* Project object */;
}
